
Microsoft Visual Studio Solution File, Format Version 12.00
# Visual Studio Version 16
VisualStudioVersion = 16.0.31025.194
MinimumVisualStudioVersion = 10.0.40219.1
Project("{FAE04EC0-301F-11D3-BF4B-00C04F79EFBC}") = "dgDispatcher", "dgDispatcher\dgDispatcher.csproj", "{DF5D3357-3A07-4017-9556-C78544C5AB4E}"
EndProject
Global
	GlobalSection(SolutionConfigurationPlatforms) = preSolution
		Debug|Any CPU = Debug|Any CPU
		Release|Any CPU = Release|Any CPU
	EndGlobalSection
	GlobalSection(ProjectConfigurationPlatforms) = postSolution
		{DF5D3357-3A07-4017-9556-C78544C5AB4E}.Debug|Any CPU.ActiveCfg = Debug|Any CPU
		{DF5D3357-3A07-4017-9556-C78544C5AB4E}.Debug|Any CPU.Build.0 = Debug|Any CPU
		{DF5D3357-3A07-4017-9556-C78544C5AB4E}.Release|Any CPU.ActiveCfg = Release|Any CPU
		{DF5D3357-3A07-4017-9556-C78544C5AB4E}.Release|Any CPU.Build.0 = Release|Any CPU
	EndGlobalSection
	GlobalSection(SolutionProperties) = preSolution
		HideSolutionNode = FALSE
	EndGlobalSection
	GlobalSection(ExtensibilityGlobals) = postSolution
		SolutionGuid = {8AB8E418-527C-4430-99EA-21FB1E9E0E9D}
	EndGlobalSection
EndGlobal
