
Microsoft Visual Studio Solution File, Format Version 12.00
# Visual Studio Version 16
VisualStudioVersion = 16.0.31025.194
MinimumVisualStudioVersion = 10.0.40219.1
Project("{FAE04EC0-301F-11D3-BF4B-00C04F79EFBC}") = "FullApiCadCli", "FullApiCadCli\FullApiCadCli.csproj", "{F62DEA0B-F128-4753-BE69-E047C78BC682}"
EndProject
Project("{FAE04EC0-301F-11D3-BF4B-00C04F79EFBC}") = "ConsumingFullApiCadCli", "ConsumingFullApiCadCli\ConsumingFullApiCadCli.csproj", "{7935070A-D86D-445B-AF4F-2D6B24E8B477}"
EndProject
Global
	GlobalSection(SolutionConfigurationPlatforms) = preSolution
		Debug|Any CPU = Debug|Any CPU
		Release|Any CPU = Release|Any CPU
	EndGlobalSection
	GlobalSection(ProjectConfigurationPlatforms) = postSolution
		{F62DEA0B-F128-4753-BE69-E047C78BC682}.Debug|Any CPU.ActiveCfg = Debug|Any CPU
		{F62DEA0B-F128-4753-BE69-E047C78BC682}.Debug|Any CPU.Build.0 = Debug|Any CPU
		{F62DEA0B-F128-4753-BE69-E047C78BC682}.Release|Any CPU.ActiveCfg = Release|Any CPU
		{F62DEA0B-F128-4753-BE69-E047C78BC682}.Release|Any CPU.Build.0 = Release|Any CPU
		{7935070A-D86D-445B-AF4F-2D6B24E8B477}.Debug|Any CPU.ActiveCfg = Debug|Any CPU
		{7935070A-D86D-445B-AF4F-2D6B24E8B477}.Debug|Any CPU.Build.0 = Debug|Any CPU
		{7935070A-D86D-445B-AF4F-2D6B24E8B477}.Release|Any CPU.ActiveCfg = Release|Any CPU
		{7935070A-D86D-445B-AF4F-2D6B24E8B477}.Release|Any CPU.Build.0 = Release|Any CPU
	EndGlobalSection
	GlobalSection(SolutionProperties) = preSolution
		HideSolutionNode = FALSE
	EndGlobalSection
	GlobalSection(ExtensibilityGlobals) = postSolution
		SolutionGuid = {B2D08089-903C-4246-8A63-82FF943470AB}
	EndGlobalSection
EndGlobal
