
Microsoft Visual Studio Solution File, Format Version 12.00
# Visual Studio Version 16
VisualStudioVersion = 16.0.31025.194
MinimumVisualStudioVersion = 10.0.40219.1
Project("{FAE04EC0-301F-11D3-BF4B-00C04F79EFBC}") = "dgSerializeBin2", "dgSerializeBin2\dgSerializeBin2.csproj", "{5F202597-4E87-4066-9A19-540A4BC9D3BA}"
EndProject
Global
	GlobalSection(SolutionConfigurationPlatforms) = preSolution
		Debug|Any CPU = Debug|Any CPU
		Release|Any CPU = Release|Any CPU
	EndGlobalSection
	GlobalSection(ProjectConfigurationPlatforms) = postSolution
		{5F202597-4E87-4066-9A19-540A4BC9D3BA}.Debug|Any CPU.ActiveCfg = Debug|Any CPU
		{5F202597-4E87-4066-9A19-540A4BC9D3BA}.Debug|Any CPU.Build.0 = Debug|Any CPU
		{5F202597-4E87-4066-9A19-540A4BC9D3BA}.Release|Any CPU.ActiveCfg = Release|Any CPU
		{5F202597-4E87-4066-9A19-540A4BC9D3BA}.Release|Any CPU.Build.0 = Release|Any CPU
	EndGlobalSection
	GlobalSection(SolutionProperties) = preSolution
		HideSolutionNode = FALSE
	EndGlobalSection
	GlobalSection(ExtensibilityGlobals) = postSolution
		SolutionGuid = {A40EDB21-ADFF-451A-AED1-68DC73B37EDD}
	EndGlobalSection
EndGlobal
