
Microsoft Visual Studio Solution File, Format Version 12.00
# Visual Studio Version 16
VisualStudioVersion = 16.0.29613.14
MinimumVisualStudioVersion = 10.0.40219.1
Project("{9A19103F-16F7-4668-BE54-9A1E7A4F7556}") = "dgLambda", "dgTmp2\dgLambda.csproj", "{15772437-BD27-44EE-90AB-38227FA61338}"
EndProject
Global
	GlobalSection(SolutionConfigurationPlatforms) = preSolution
		Debug|Any CPU = Debug|Any CPU
		Release|Any CPU = Release|Any CPU
	EndGlobalSection
	GlobalSection(ProjectConfigurationPlatforms) = postSolution
		{15772437-BD27-44EE-90AB-38227FA61338}.Debug|Any CPU.ActiveCfg = Debug|Any CPU
		{15772437-BD27-44EE-90AB-38227FA61338}.Debug|Any CPU.Build.0 = Debug|Any CPU
		{15772437-BD27-44EE-90AB-38227FA61338}.Release|Any CPU.ActiveCfg = Release|Any CPU
		{15772437-BD27-44EE-90AB-38227FA61338}.Release|Any CPU.Build.0 = Release|Any CPU
	EndGlobalSection
	GlobalSection(SolutionProperties) = preSolution
		HideSolutionNode = FALSE
	EndGlobalSection
	GlobalSection(ExtensibilityGlobals) = postSolution
		SolutionGuid = {5DF561C6-BA6F-4DE1-B96F-914282479B15}
	EndGlobalSection
EndGlobal
