
Microsoft Visual Studio Solution File, Format Version 12.00
# Visual Studio Version 16
VisualStudioVersion = 16.0.31025.194
MinimumVisualStudioVersion = 10.0.40219.1
Project("{FAE04EC0-301F-11D3-BF4B-00C04F79EFBC}") = "dgFromAsync", "dgFromAsync\dgFromAsync.csproj", "{1691A764-39AD-4D7E-8526-66C1580F39D6}"
EndProject
Global
	GlobalSection(SolutionConfigurationPlatforms) = preSolution
		Debug|Any CPU = Debug|Any CPU
		Release|Any CPU = Release|Any CPU
	EndGlobalSection
	GlobalSection(ProjectConfigurationPlatforms) = postSolution
		{1691A764-39AD-4D7E-8526-66C1580F39D6}.Debug|Any CPU.ActiveCfg = Debug|Any CPU
		{1691A764-39AD-4D7E-8526-66C1580F39D6}.Debug|Any CPU.Build.0 = Debug|Any CPU
		{1691A764-39AD-4D7E-8526-66C1580F39D6}.Release|Any CPU.ActiveCfg = Release|Any CPU
		{1691A764-39AD-4D7E-8526-66C1580F39D6}.Release|Any CPU.Build.0 = Release|Any CPU
	EndGlobalSection
	GlobalSection(SolutionProperties) = preSolution
		HideSolutionNode = FALSE
	EndGlobalSection
	GlobalSection(ExtensibilityGlobals) = postSolution
		SolutionGuid = {D713D6F2-159B-443E-A969-CCEB891E7244}
	EndGlobalSection
EndGlobal
