
Microsoft Visual Studio Solution File, Format Version 12.00
# Visual Studio Version 16
VisualStudioVersion = 16.0.30907.101
MinimumVisualStudioVersion = 10.0.40219.1
Project("{FAE04EC0-301F-11D3-BF4B-00C04F79EFBC}") = "DgsTryParse", "DgsTryParse\DgsTryParse.csproj", "{C645D884-0531-477C-8469-5DA5FBD75995}"
EndProject
Global
	GlobalSection(SolutionConfigurationPlatforms) = preSolution
		Debug|Any CPU = Debug|Any CPU
		Release|Any CPU = Release|Any CPU
	EndGlobalSection
	GlobalSection(ProjectConfigurationPlatforms) = postSolution
		{C645D884-0531-477C-8469-5DA5FBD75995}.Debug|Any CPU.ActiveCfg = Debug|Any CPU
		{C645D884-0531-477C-8469-5DA5FBD75995}.Debug|Any CPU.Build.0 = Debug|Any CPU
		{C645D884-0531-477C-8469-5DA5FBD75995}.Release|Any CPU.ActiveCfg = Release|Any CPU
		{C645D884-0531-477C-8469-5DA5FBD75995}.Release|Any CPU.Build.0 = Release|Any CPU
	EndGlobalSection
	GlobalSection(SolutionProperties) = preSolution
		HideSolutionNode = FALSE
	EndGlobalSection
	GlobalSection(ExtensibilityGlobals) = postSolution
		SolutionGuid = {D610DAEA-C90D-494A-8E06-2BE13C98E77C}
	EndGlobalSection
EndGlobal
