
Microsoft Visual Studio Solution File, Format Version 12.00
# Visual Studio Version 16
VisualStudioVersion = 16.0.31025.194
MinimumVisualStudioVersion = 10.0.40219.1
Project("{FAE04EC0-301F-11D3-BF4B-00C04F79EFBC}") = "dgTask12-2-Unobserved", "dgTask12-2-Unobserved\dgTask12-2-Unobserved.csproj", "{77E79F65-49B3-4116-BCA0-FA1F5D00EBD7}"
EndProject
Global
	GlobalSection(SolutionConfigurationPlatforms) = preSolution
		Debug|Any CPU = Debug|Any CPU
		Release|Any CPU = Release|Any CPU
	EndGlobalSection
	GlobalSection(ProjectConfigurationPlatforms) = postSolution
		{77E79F65-49B3-4116-BCA0-FA1F5D00EBD7}.Debug|Any CPU.ActiveCfg = Debug|Any CPU
		{77E79F65-49B3-4116-BCA0-FA1F5D00EBD7}.Debug|Any CPU.Build.0 = Debug|Any CPU
		{77E79F65-49B3-4116-BCA0-FA1F5D00EBD7}.Release|Any CPU.ActiveCfg = Release|Any CPU
		{77E79F65-49B3-4116-BCA0-FA1F5D00EBD7}.Release|Any CPU.Build.0 = Release|Any CPU
	EndGlobalSection
	GlobalSection(SolutionProperties) = preSolution
		HideSolutionNode = FALSE
	EndGlobalSection
	GlobalSection(ExtensibilityGlobals) = postSolution
		SolutionGuid = {3150DB83-6C48-4FF6-8A47-EBD96FA04829}
	EndGlobalSection
EndGlobal
