
Microsoft Visual Studio Solution File, Format Version 12.00
# Visual Studio Version 16
VisualStudioVersion = 16.0.31025.194
MinimumVisualStudioVersion = 10.0.40219.1
Project("{FAE04EC0-301F-11D3-BF4B-00C04F79EFBC}") = "dgStatic", "dgStatic\dgStatic.csproj", "{7167F709-5E9D-49BD-A512-B2ADA689CCF0}"
EndProject
Global
	GlobalSection(SolutionConfigurationPlatforms) = preSolution
		Debug|Any CPU = Debug|Any CPU
		Release|Any CPU = Release|Any CPU
	EndGlobalSection
	GlobalSection(ProjectConfigurationPlatforms) = postSolution
		{7167F709-5E9D-49BD-A512-B2ADA689CCF0}.Debug|Any CPU.ActiveCfg = Debug|Any CPU
		{7167F709-5E9D-49BD-A512-B2ADA689CCF0}.Debug|Any CPU.Build.0 = Debug|Any CPU
		{7167F709-5E9D-49BD-A512-B2ADA689CCF0}.Release|Any CPU.ActiveCfg = Release|Any CPU
		{7167F709-5E9D-49BD-A512-B2ADA689CCF0}.Release|Any CPU.Build.0 = Release|Any CPU
	EndGlobalSection
	GlobalSection(SolutionProperties) = preSolution
		HideSolutionNode = FALSE
	EndGlobalSection
	GlobalSection(ExtensibilityGlobals) = postSolution
		SolutionGuid = {74B6D732-9487-4792-B54F-AB6A1D28DA99}
	EndGlobalSection
EndGlobal
