
Microsoft Visual Studio Solution File, Format Version 12.00
# Visual Studio Version 16
VisualStudioVersion = 16.0.29613.14
MinimumVisualStudioVersion = 10.0.40219.1
Project("{FAE04EC0-301F-11D3-BF4B-00C04F79EFBC}") = "xmlGroup", "xmlGroup\xmlGroup.csproj", "{894BEC25-CED6-4D94-A8A2-AF0B63997EFD}"
EndProject
Global
	GlobalSection(SolutionConfigurationPlatforms) = preSolution
		Debug|Any CPU = Debug|Any CPU
		Release|Any CPU = Release|Any CPU
	EndGlobalSection
	GlobalSection(ProjectConfigurationPlatforms) = postSolution
		{894BEC25-CED6-4D94-A8A2-AF0B63997EFD}.Debug|Any CPU.ActiveCfg = Debug|Any CPU
		{894BEC25-CED6-4D94-A8A2-AF0B63997EFD}.Debug|Any CPU.Build.0 = Debug|Any CPU
		{894BEC25-CED6-4D94-A8A2-AF0B63997EFD}.Release|Any CPU.ActiveCfg = Release|Any CPU
		{894BEC25-CED6-4D94-A8A2-AF0B63997EFD}.Release|Any CPU.Build.0 = Release|Any CPU
	EndGlobalSection
	GlobalSection(SolutionProperties) = preSolution
		HideSolutionNode = FALSE
	EndGlobalSection
	GlobalSection(ExtensibilityGlobals) = postSolution
		SolutionGuid = {B71A6E2A-1283-4E79-9BCD-050AE708A2EC}
	EndGlobalSection
EndGlobal
