
Microsoft Visual Studio Solution File, Format Version 12.00
# Visual Studio Version 16
VisualStudioVersion = 16.0.31025.194
MinimumVisualStudioVersion = 10.0.40219.1
Project("{FAE04EC0-301F-11D3-BF4B-00C04F79EFBC}") = "DgMongoDb", "DgMongoDb\DgMongoDb.csproj", "{95993C6D-8F5A-40E6-8FAE-009767648297}"
EndProject
Global
	GlobalSection(SolutionConfigurationPlatforms) = preSolution
		Debug|Any CPU = Debug|Any CPU
		Release|Any CPU = Release|Any CPU
	EndGlobalSection
	GlobalSection(ProjectConfigurationPlatforms) = postSolution
		{95993C6D-8F5A-40E6-8FAE-009767648297}.Debug|Any CPU.ActiveCfg = Debug|Any CPU
		{95993C6D-8F5A-40E6-8FAE-009767648297}.Debug|Any CPU.Build.0 = Debug|Any CPU
		{95993C6D-8F5A-40E6-8FAE-009767648297}.Release|Any CPU.ActiveCfg = Release|Any CPU
		{95993C6D-8F5A-40E6-8FAE-009767648297}.Release|Any CPU.Build.0 = Release|Any CPU
	EndGlobalSection
	GlobalSection(SolutionProperties) = preSolution
		HideSolutionNode = FALSE
	EndGlobalSection
	GlobalSection(ExtensibilityGlobals) = postSolution
		SolutionGuid = {37C5AF54-81B0-4F27-9566-E19C25EB89B0}
	EndGlobalSection
EndGlobal
