
Microsoft Visual Studio Solution File, Format Version 12.00
# Visual Studio Version 17
VisualStudioVersion = 17.7.34031.279
MinimumVisualStudioVersion = 10.0.40219.1
Project("{FAE04EC0-301F-11D3-BF4B-00C04F79EFBC}") = "dgDataFlow", "dgDataFlow\dgDataFlow.csproj", "{B8F5A311-D3CC-4A2F-B280-54F6E0B57C7E}"
EndProject
Global
	GlobalSection(SolutionConfigurationPlatforms) = preSolution
		Debug|Any CPU = Debug|Any CPU
		Release|Any CPU = Release|Any CPU
	EndGlobalSection
	GlobalSection(ProjectConfigurationPlatforms) = postSolution
		{B8F5A311-D3CC-4A2F-B280-54F6E0B57C7E}.Debug|Any CPU.ActiveCfg = Debug|Any CPU
		{B8F5A311-D3CC-4A2F-B280-54F6E0B57C7E}.Debug|Any CPU.Build.0 = Debug|Any CPU
		{B8F5A311-D3CC-4A2F-B280-54F6E0B57C7E}.Release|Any CPU.ActiveCfg = Release|Any CPU
		{B8F5A311-D3CC-4A2F-B280-54F6E0B57C7E}.Release|Any CPU.Build.0 = Release|Any CPU
	EndGlobalSection
	GlobalSection(SolutionProperties) = preSolution
		HideSolutionNode = FALSE
	EndGlobalSection
	GlobalSection(ExtensibilityGlobals) = postSolution
		SolutionGuid = {1236EA4D-ADCB-4F96-A1C0-CC041E99241E}
	EndGlobalSection
EndGlobal
