
Microsoft Visual Studio Solution File, Format Version 12.00
# Visual Studio Version 16
VisualStudioVersion = 16.0.31025.194
MinimumVisualStudioVersion = 10.0.40219.1
Project("{FAE04EC0-301F-11D3-BF4B-00C04F79EFBC}") = "ValuesAndReferences", "ValuesAndReferences\ValuesAndReferences.csproj", "{21545182-77A8-4D65-8E9C-6D5DC7FE4592}"
EndProject
Global
	GlobalSection(SolutionConfigurationPlatforms) = preSolution
		Debug|Any CPU = Debug|Any CPU
		Release|Any CPU = Release|Any CPU
	EndGlobalSection
	GlobalSection(ProjectConfigurationPlatforms) = postSolution
		{21545182-77A8-4D65-8E9C-6D5DC7FE4592}.Debug|Any CPU.ActiveCfg = Debug|Any CPU
		{21545182-77A8-4D65-8E9C-6D5DC7FE4592}.Debug|Any CPU.Build.0 = Debug|Any CPU
		{21545182-77A8-4D65-8E9C-6D5DC7FE4592}.Release|Any CPU.ActiveCfg = Release|Any CPU
		{21545182-77A8-4D65-8E9C-6D5DC7FE4592}.Release|Any CPU.Build.0 = Release|Any CPU
	EndGlobalSection
	GlobalSection(SolutionProperties) = preSolution
		HideSolutionNode = FALSE
	EndGlobalSection
	GlobalSection(ExtensibilityGlobals) = postSolution
		SolutionGuid = {92AFD9D4-0CB2-4202-AD6E-67498140DA84}
	EndGlobalSection
EndGlobal
