
Microsoft Visual Studio Solution File, Format Version 12.00
# Visual Studio Version 16
VisualStudioVersion = 16.0.31025.194
MinimumVisualStudioVersion = 10.0.40219.1
Project("{FAE04EC0-301F-11D3-BF4B-00C04F79EFBC}") = "dgInheritList", "dgInheritList\dgInheritList.csproj", "{532B0635-9738-46AA-9C4E-FDB99355317A}"
EndProject
Global
	GlobalSection(SolutionConfigurationPlatforms) = preSolution
		Debug|Any CPU = Debug|Any CPU
		Release|Any CPU = Release|Any CPU
	EndGlobalSection
	GlobalSection(ProjectConfigurationPlatforms) = postSolution
		{532B0635-9738-46AA-9C4E-FDB99355317A}.Debug|Any CPU.ActiveCfg = Debug|Any CPU
		{532B0635-9738-46AA-9C4E-FDB99355317A}.Debug|Any CPU.Build.0 = Debug|Any CPU
		{532B0635-9738-46AA-9C4E-FDB99355317A}.Release|Any CPU.ActiveCfg = Release|Any CPU
		{532B0635-9738-46AA-9C4E-FDB99355317A}.Release|Any CPU.Build.0 = Release|Any CPU
	EndGlobalSection
	GlobalSection(SolutionProperties) = preSolution
		HideSolutionNode = FALSE
	EndGlobalSection
	GlobalSection(ExtensibilityGlobals) = postSolution
		SolutionGuid = {E0FB57C2-9321-4496-A787-0F1F764782C5}
	EndGlobalSection
EndGlobal
