
Microsoft Visual Studio Solution File, Format Version 12.00
# Visual Studio Version 16
VisualStudioVersion = 16.0.31025.194
MinimumVisualStudioVersion = 10.0.40219.1
Project("{FAE04EC0-301F-11D3-BF4B-00C04F79EFBC}") = "dgTesting", "dgTesting\dgTesting.csproj", "{F2284CC4-5BCC-4EBC-B834-753C53900CDD}"
EndProject
Global
	GlobalSection(SolutionConfigurationPlatforms) = preSolution
		Debug|Any CPU = Debug|Any CPU
		Release|Any CPU = Release|Any CPU
	EndGlobalSection
	GlobalSection(ProjectConfigurationPlatforms) = postSolution
		{F2284CC4-5BCC-4EBC-B834-753C53900CDD}.Debug|Any CPU.ActiveCfg = Debug|Any CPU
		{F2284CC4-5BCC-4EBC-B834-753C53900CDD}.Debug|Any CPU.Build.0 = Debug|Any CPU
		{F2284CC4-5BCC-4EBC-B834-753C53900CDD}.Release|Any CPU.ActiveCfg = Release|Any CPU
		{F2284CC4-5BCC-4EBC-B834-753C53900CDD}.Release|Any CPU.Build.0 = Release|Any CPU
	EndGlobalSection
	GlobalSection(SolutionProperties) = preSolution
		HideSolutionNode = FALSE
	EndGlobalSection
	GlobalSection(ExtensibilityGlobals) = postSolution
		SolutionGuid = {0AE61813-6395-485F-9F2E-488A8606BB4B}
	EndGlobalSection
EndGlobal
