
Microsoft Visual Studio Solution File, Format Version 12.00
# Visual Studio Version 16
VisualStudioVersion = 16.0.31025.194
MinimumVisualStudioVersion = 10.0.40219.1
Project("{FAE04EC0-301F-11D3-BF4B-00C04F79EFBC}") = "dgGenerics", "dgGenerics\dgGenerics.csproj", "{192339C4-0579-4E39-9E61-CB142F8EE592}"
EndProject
Global
	GlobalSection(SolutionConfigurationPlatforms) = preSolution
		Debug|Any CPU = Debug|Any CPU
		Release|Any CPU = Release|Any CPU
	EndGlobalSection
	GlobalSection(ProjectConfigurationPlatforms) = postSolution
		{192339C4-0579-4E39-9E61-CB142F8EE592}.Debug|Any CPU.ActiveCfg = Debug|Any CPU
		{192339C4-0579-4E39-9E61-CB142F8EE592}.Debug|Any CPU.Build.0 = Debug|Any CPU
		{192339C4-0579-4E39-9E61-CB142F8EE592}.Release|Any CPU.ActiveCfg = Release|Any CPU
		{192339C4-0579-4E39-9E61-CB142F8EE592}.Release|Any CPU.Build.0 = Release|Any CPU
	EndGlobalSection
	GlobalSection(SolutionProperties) = preSolution
		HideSolutionNode = FALSE
	EndGlobalSection
	GlobalSection(ExtensibilityGlobals) = postSolution
		SolutionGuid = {B529C917-E330-4D6D-8733-6B9FE4DB5FF8}
	EndGlobalSection
EndGlobal
