
Microsoft Visual Studio Solution File, Format Version 12.00
# Visual Studio Version 16
VisualStudioVersion = 16.0.30907.101
MinimumVisualStudioVersion = 10.0.40219.1
Project("{FAE04EC0-301F-11D3-BF4B-00C04F79EFBC}") = "DgParametersOut", "DgParametersOut\DgParametersOut.csproj", "{A7235994-76A5-4AA2-A156-ED22E046F546}"
EndProject
Global
	GlobalSection(SolutionConfigurationPlatforms) = preSolution
		Debug|Any CPU = Debug|Any CPU
		Release|Any CPU = Release|Any CPU
	EndGlobalSection
	GlobalSection(ProjectConfigurationPlatforms) = postSolution
		{A7235994-76A5-4AA2-A156-ED22E046F546}.Debug|Any CPU.ActiveCfg = Debug|Any CPU
		{A7235994-76A5-4AA2-A156-ED22E046F546}.Debug|Any CPU.Build.0 = Debug|Any CPU
		{A7235994-76A5-4AA2-A156-ED22E046F546}.Release|Any CPU.ActiveCfg = Release|Any CPU
		{A7235994-76A5-4AA2-A156-ED22E046F546}.Release|Any CPU.Build.0 = Release|Any CPU
	EndGlobalSection
	GlobalSection(SolutionProperties) = preSolution
		HideSolutionNode = FALSE
	EndGlobalSection
	GlobalSection(ExtensibilityGlobals) = postSolution
		SolutionGuid = {053F5169-C7C7-4CEE-8DFB-F9A63151E06B}
	EndGlobalSection
EndGlobal
