
Microsoft Visual Studio Solution File, Format Version 12.00
# Visual Studio Version 16
VisualStudioVersion = 16.0.29613.14
MinimumVisualStudioVersion = 10.0.40219.1
Project("{FAE04EC0-301F-11D3-BF4B-00C04F79EFBC}") = "dgOData", "dgOData\dgOData.csproj", "{CFFDE733-A5FC-4444-B030-146C439D8B0D}"
EndProject
Global
	GlobalSection(SolutionConfigurationPlatforms) = preSolution
		Debug|Any CPU = Debug|Any CPU
		Release|Any CPU = Release|Any CPU
	EndGlobalSection
	GlobalSection(ProjectConfigurationPlatforms) = postSolution
		{CFFDE733-A5FC-4444-B030-146C439D8B0D}.Debug|Any CPU.ActiveCfg = Debug|Any CPU
		{CFFDE733-A5FC-4444-B030-146C439D8B0D}.Debug|Any CPU.Build.0 = Debug|Any CPU
		{CFFDE733-A5FC-4444-B030-146C439D8B0D}.Release|Any CPU.ActiveCfg = Release|Any CPU
		{CFFDE733-A5FC-4444-B030-146C439D8B0D}.Release|Any CPU.Build.0 = Release|Any CPU
	EndGlobalSection
	GlobalSection(SolutionProperties) = preSolution
		HideSolutionNode = FALSE
	EndGlobalSection
	GlobalSection(ExtensibilityGlobals) = postSolution
		SolutionGuid = {0D691859-899B-4874-A830-4C5377C2CD10}
	EndGlobalSection
EndGlobal
