
Microsoft Visual Studio Solution File, Format Version 12.00
# Visual Studio Version 16
VisualStudioVersion = 16.0.31025.194
MinimumVisualStudioVersion = 10.0.40219.1
Project("{FAE04EC0-301F-11D3-BF4B-00C04F79EFBC}") = "DgsCookies", "DgsCookies\DgsCookies.csproj", "{F98BECD5-582E-4A31-B2C9-A5CF352D04E0}"
EndProject
Global
	GlobalSection(SolutionConfigurationPlatforms) = preSolution
		Debug|Any CPU = Debug|Any CPU
		Release|Any CPU = Release|Any CPU
	EndGlobalSection
	GlobalSection(ProjectConfigurationPlatforms) = postSolution
		{F98BECD5-582E-4A31-B2C9-A5CF352D04E0}.Debug|Any CPU.ActiveCfg = Debug|Any CPU
		{F98BECD5-582E-4A31-B2C9-A5CF352D04E0}.Debug|Any CPU.Build.0 = Debug|Any CPU
		{F98BECD5-582E-4A31-B2C9-A5CF352D04E0}.Release|Any CPU.ActiveCfg = Release|Any CPU
		{F98BECD5-582E-4A31-B2C9-A5CF352D04E0}.Release|Any CPU.Build.0 = Release|Any CPU
	EndGlobalSection
	GlobalSection(SolutionProperties) = preSolution
		HideSolutionNode = FALSE
	EndGlobalSection
	GlobalSection(ExtensibilityGlobals) = postSolution
		SolutionGuid = {DB9437D7-446B-4FD5-83A4-D8FFBC49726C}
	EndGlobalSection
EndGlobal
