
Microsoft Visual Studio Solution File, Format Version 12.00
# Visual Studio Version 16
VisualStudioVersion = 16.0.31025.194
MinimumVisualStudioVersion = 10.0.40219.1
Project("{9A19103F-16F7-4668-BE54-9A1E7A4F7556}") = "dgs.Store2.UI", "dgs.Store2.UI\dgs.Store2.UI.csproj", "{D4F2562B-47B7-4A2A-B2B5-61F43B0D2DF8}"
EndProject
Project("{9A19103F-16F7-4668-BE54-9A1E7A4F7556}") = "dgs.store.Data", "dgs.store.Data\dgs.store.Data.csproj", "{2BDC8DC2-1691-4188-BC32-277A02AE9FB7}"
EndProject
Project("{9A19103F-16F7-4668-BE54-9A1E7A4F7556}") = "dgs.Store.Domain", "dgs.Store.Domain\dgs.Store.Domain.csproj", "{CFAE746F-CFB1-4E82-8A32-E30C127E123E}"
EndProject
Project("{9A19103F-16F7-4668-BE54-9A1E7A4F7556}") = "dgs.Store.IocDI", "dgs.Store.IocDI\dgs.Store.IocDI.csproj", "{ED57A655-B068-4EA6-A41F-065BDDECFADE}"
EndProject
Global
	GlobalSection(SolutionConfigurationPlatforms) = preSolution
		Debug|Any CPU = Debug|Any CPU
		Release|Any CPU = Release|Any CPU
	EndGlobalSection
	GlobalSection(ProjectConfigurationPlatforms) = postSolution
		{D4F2562B-47B7-4A2A-B2B5-61F43B0D2DF8}.Debug|Any CPU.ActiveCfg = Debug|Any CPU
		{D4F2562B-47B7-4A2A-B2B5-61F43B0D2DF8}.Debug|Any CPU.Build.0 = Debug|Any CPU
		{D4F2562B-47B7-4A2A-B2B5-61F43B0D2DF8}.Release|Any CPU.ActiveCfg = Release|Any CPU
		{D4F2562B-47B7-4A2A-B2B5-61F43B0D2DF8}.Release|Any CPU.Build.0 = Release|Any CPU
		{2BDC8DC2-1691-4188-BC32-277A02AE9FB7}.Debug|Any CPU.ActiveCfg = Debug|Any CPU
		{2BDC8DC2-1691-4188-BC32-277A02AE9FB7}.Debug|Any CPU.Build.0 = Debug|Any CPU
		{2BDC8DC2-1691-4188-BC32-277A02AE9FB7}.Release|Any CPU.ActiveCfg = Release|Any CPU
		{2BDC8DC2-1691-4188-BC32-277A02AE9FB7}.Release|Any CPU.Build.0 = Release|Any CPU
		{CFAE746F-CFB1-4E82-8A32-E30C127E123E}.Debug|Any CPU.ActiveCfg = Debug|Any CPU
		{CFAE746F-CFB1-4E82-8A32-E30C127E123E}.Debug|Any CPU.Build.0 = Debug|Any CPU
		{CFAE746F-CFB1-4E82-8A32-E30C127E123E}.Release|Any CPU.ActiveCfg = Release|Any CPU
		{CFAE746F-CFB1-4E82-8A32-E30C127E123E}.Release|Any CPU.Build.0 = Release|Any CPU
		{ED57A655-B068-4EA6-A41F-065BDDECFADE}.Debug|Any CPU.ActiveCfg = Debug|Any CPU
		{ED57A655-B068-4EA6-A41F-065BDDECFADE}.Debug|Any CPU.Build.0 = Debug|Any CPU
		{ED57A655-B068-4EA6-A41F-065BDDECFADE}.Release|Any CPU.ActiveCfg = Release|Any CPU
		{ED57A655-B068-4EA6-A41F-065BDDECFADE}.Release|Any CPU.Build.0 = Release|Any CPU
	EndGlobalSection
	GlobalSection(SolutionProperties) = preSolution
		HideSolutionNode = FALSE
	EndGlobalSection
	GlobalSection(ExtensibilityGlobals) = postSolution
		SolutionGuid = {DBC50B52-E1CC-450C-A36C-04EA441F36A9}
	EndGlobalSection
EndGlobal
