
Microsoft Visual Studio Solution File, Format Version 12.00
# Visual Studio 15
VisualStudioVersion = 15.0.28307.705
MinimumVisualStudioVersion = 10.0.40219.1
Project("{9A19103F-16F7-4668-BE54-9A1E7A4F7556}") = "tst2", "tst2\tst2.csproj", "{0C167F2F-0058-452C-9FAC-ABCE338BF5AD}"
EndProject
Project("{9A19103F-16F7-4668-BE54-9A1E7A4F7556}") = "Laboo", "Laboo\Laboo.csproj", "{EF40CC08-AD48-4284-8150-28B8D8ED1119}"
EndProject
Project("{9A19103F-16F7-4668-BE54-9A1E7A4F7556}") = "Lab02", "Lab02\Lab02.csproj", "{00AA2766-52CC-4094-876C-7CBBD5AACCC8}"
EndProject
Project("{9A19103F-16F7-4668-BE54-9A1E7A4F7556}") = "Despesas.Dominio", "Despesas.Dominio\Despesas.Dominio.csproj", "{E0B1F57C-D011-41E7-8F9B-330209C33A84}"
EndProject
Project("{FAE04EC0-301F-11D3-BF4B-00C04F79EFBC}") = "Despesa.data", "Despesa.data\Despesa.data.csproj", "{E3D0DD73-7990-4812-8EC8-31424346315E}"
EndProject
Project("{FAE04EC0-301F-11D3-BF4B-00C04F79EFBC}") = "Lab5", "Lab5\Lab5.csproj", "{80166785-5007-48C5-9014-2BC0DFCDF905}"
EndProject
Project("{FAE04EC0-301F-11D3-BF4B-00C04F79EFBC}") = "Lab6", "Lab6\Lab6.csproj", "{36DF449E-D80E-4951-BFA7-540F2E433D4B}"
EndProject
Global
	GlobalSection(SolutionConfigurationPlatforms) = preSolution
		Debug|Any CPU = Debug|Any CPU
		Release|Any CPU = Release|Any CPU
	EndGlobalSection
	GlobalSection(ProjectConfigurationPlatforms) = postSolution
		{0C167F2F-0058-452C-9FAC-ABCE338BF5AD}.Debug|Any CPU.ActiveCfg = Debug|Any CPU
		{0C167F2F-0058-452C-9FAC-ABCE338BF5AD}.Debug|Any CPU.Build.0 = Debug|Any CPU
		{0C167F2F-0058-452C-9FAC-ABCE338BF5AD}.Release|Any CPU.ActiveCfg = Release|Any CPU
		{0C167F2F-0058-452C-9FAC-ABCE338BF5AD}.Release|Any CPU.Build.0 = Release|Any CPU
		{EF40CC08-AD48-4284-8150-28B8D8ED1119}.Debug|Any CPU.ActiveCfg = Debug|Any CPU
		{EF40CC08-AD48-4284-8150-28B8D8ED1119}.Debug|Any CPU.Build.0 = Debug|Any CPU
		{EF40CC08-AD48-4284-8150-28B8D8ED1119}.Release|Any CPU.ActiveCfg = Release|Any CPU
		{EF40CC08-AD48-4284-8150-28B8D8ED1119}.Release|Any CPU.Build.0 = Release|Any CPU
		{00AA2766-52CC-4094-876C-7CBBD5AACCC8}.Debug|Any CPU.ActiveCfg = Debug|Any CPU
		{00AA2766-52CC-4094-876C-7CBBD5AACCC8}.Debug|Any CPU.Build.0 = Debug|Any CPU
		{00AA2766-52CC-4094-876C-7CBBD5AACCC8}.Release|Any CPU.ActiveCfg = Release|Any CPU
		{00AA2766-52CC-4094-876C-7CBBD5AACCC8}.Release|Any CPU.Build.0 = Release|Any CPU
		{E0B1F57C-D011-41E7-8F9B-330209C33A84}.Debug|Any CPU.ActiveCfg = Debug|Any CPU
		{E0B1F57C-D011-41E7-8F9B-330209C33A84}.Debug|Any CPU.Build.0 = Debug|Any CPU
		{E0B1F57C-D011-41E7-8F9B-330209C33A84}.Release|Any CPU.ActiveCfg = Release|Any CPU
		{E0B1F57C-D011-41E7-8F9B-330209C33A84}.Release|Any CPU.Build.0 = Release|Any CPU
		{E3D0DD73-7990-4812-8EC8-31424346315E}.Debug|Any CPU.ActiveCfg = Debug|Any CPU
		{E3D0DD73-7990-4812-8EC8-31424346315E}.Debug|Any CPU.Build.0 = Debug|Any CPU
		{E3D0DD73-7990-4812-8EC8-31424346315E}.Release|Any CPU.ActiveCfg = Release|Any CPU
		{E3D0DD73-7990-4812-8EC8-31424346315E}.Release|Any CPU.Build.0 = Release|Any CPU
		{80166785-5007-48C5-9014-2BC0DFCDF905}.Debug|Any CPU.ActiveCfg = Debug|Any CPU
		{80166785-5007-48C5-9014-2BC0DFCDF905}.Debug|Any CPU.Build.0 = Debug|Any CPU
		{80166785-5007-48C5-9014-2BC0DFCDF905}.Release|Any CPU.ActiveCfg = Release|Any CPU
		{80166785-5007-48C5-9014-2BC0DFCDF905}.Release|Any CPU.Build.0 = Release|Any CPU
		{36DF449E-D80E-4951-BFA7-540F2E433D4B}.Debug|Any CPU.ActiveCfg = Debug|Any CPU
		{36DF449E-D80E-4951-BFA7-540F2E433D4B}.Debug|Any CPU.Build.0 = Debug|Any CPU
		{36DF449E-D80E-4951-BFA7-540F2E433D4B}.Release|Any CPU.ActiveCfg = Release|Any CPU
		{36DF449E-D80E-4951-BFA7-540F2E433D4B}.Release|Any CPU.Build.0 = Release|Any CPU
	EndGlobalSection
	GlobalSection(SolutionProperties) = preSolution
		HideSolutionNode = FALSE
	EndGlobalSection
	GlobalSection(ExtensibilityGlobals) = postSolution
		SolutionGuid = {B8850CC9-B116-4228-B13A-A5CFB5E3A95D}
	EndGlobalSection
EndGlobal
