
Microsoft Visual Studio Solution File, Format Version 12.00
# Visual Studio Version 16
VisualStudioVersion = 16.0.31025.194
MinimumVisualStudioVersion = 10.0.40219.1
Project("{FAE04EC0-301F-11D3-BF4B-00C04F79EFBC}") = "dgWcfWebService", "dgWcfWebService\dgWcfWebService.csproj", "{A4559969-84C8-4DDF-8217-17FEFD4C533E}"
EndProject
Project("{FAE04EC0-301F-11D3-BF4B-00C04F79EFBC}") = "dgWcfClientMovie", "dgWcfClientMovie\dgWcfClientMovie.csproj", "{F136A107-1A37-4750-B795-96C5AE46045A}"
EndProject
Global
	GlobalSection(SolutionConfigurationPlatforms) = preSolution
		Debug|Any CPU = Debug|Any CPU
		Release|Any CPU = Release|Any CPU
	EndGlobalSection
	GlobalSection(ProjectConfigurationPlatforms) = postSolution
		{A4559969-84C8-4DDF-8217-17FEFD4C533E}.Debug|Any CPU.ActiveCfg = Debug|Any CPU
		{A4559969-84C8-4DDF-8217-17FEFD4C533E}.Debug|Any CPU.Build.0 = Debug|Any CPU
		{A4559969-84C8-4DDF-8217-17FEFD4C533E}.Release|Any CPU.ActiveCfg = Release|Any CPU
		{A4559969-84C8-4DDF-8217-17FEFD4C533E}.Release|Any CPU.Build.0 = Release|Any CPU
		{F136A107-1A37-4750-B795-96C5AE46045A}.Debug|Any CPU.ActiveCfg = Debug|Any CPU
		{F136A107-1A37-4750-B795-96C5AE46045A}.Debug|Any CPU.Build.0 = Debug|Any CPU
		{F136A107-1A37-4750-B795-96C5AE46045A}.Release|Any CPU.ActiveCfg = Release|Any CPU
		{F136A107-1A37-4750-B795-96C5AE46045A}.Release|Any CPU.Build.0 = Release|Any CPU
	EndGlobalSection
	GlobalSection(SolutionProperties) = preSolution
		HideSolutionNode = FALSE
	EndGlobalSection
	GlobalSection(ExtensibilityGlobals) = postSolution
		SolutionGuid = {0FDCB434-6623-4C6A-8BA4-BE748D75E32C}
	EndGlobalSection
EndGlobal
