
Microsoft Visual Studio Solution File, Format Version 12.00
# Visual Studio Version 16
VisualStudioVersion = 16.0.29613.14
MinimumVisualStudioVersion = 10.0.40219.1
Project("{FAE04EC0-301F-11D3-BF4B-00C04F79EFBC}") = "DgDelatate", "DgDelatate\DgDelatate.csproj", "{4726C528-5FC7-417B-A96C-D83FE619A925}"
EndProject
Global
	GlobalSection(SolutionConfigurationPlatforms) = preSolution
		Debug|Any CPU = Debug|Any CPU
		Release|Any CPU = Release|Any CPU
	EndGlobalSection
	GlobalSection(ProjectConfigurationPlatforms) = postSolution
		{4726C528-5FC7-417B-A96C-D83FE619A925}.Debug|Any CPU.ActiveCfg = Debug|Any CPU
		{4726C528-5FC7-417B-A96C-D83FE619A925}.Debug|Any CPU.Build.0 = Debug|Any CPU
		{4726C528-5FC7-417B-A96C-D83FE619A925}.Release|Any CPU.ActiveCfg = Release|Any CPU
		{4726C528-5FC7-417B-A96C-D83FE619A925}.Release|Any CPU.Build.0 = Release|Any CPU
	EndGlobalSection
	GlobalSection(SolutionProperties) = preSolution
		HideSolutionNode = FALSE
	EndGlobalSection
	GlobalSection(ExtensibilityGlobals) = postSolution
		SolutionGuid = {40838484-F102-4C7A-9805-647AEBBE80C0}
	EndGlobalSection
EndGlobal
